{
  "name": "wasmtools-imagemagick",
  "version": "1.0.0",
  "lockfileVersion": 3,
  "requires": true,
  "packages": {
    "": {
      "name": "wasmtools-imagemagick",
      "version": "1.0.0",
      "license": "MIT",
      "dependencies": {
        "@imagemagick/magick-wasm": "^0.0.30"
      }
    },
    "node_modules/@imagemagick/magick-wasm": {
      "version": "0.0.30",
      "resolved": "https://registry.npmjs.org/@imagemagick/magick-wasm/-/magick-wasm-0.0.30.tgz",
      "integrity": "sha512-l5pTepsyrM9O3zMdmDHGbncP2Uf4858nylU5tw6GE7QA/Qh99aEFr4eNkEan3q1PT6mV/1Ev0gOgthuK7/kNFQ==",
      "license": "Apache-2.0"
    }
  }
}
